
Microsoft Visual Studio Solution File, Format Version 12.00
# Visual Studio 15
VisualStudioVersion = 15.0.27130.2020
MinimumVisualStudioVersion = 10.0.40219.1
Project("{DA7A21FA-8162-4350-AD77-A8D1B671F3ED}") = "RProject2", "RProject2.rxproj", "{9156F9EB-E0AB-4857-9AA9-F0A84AA4A90B}"
EndProject
Global
	GlobalSection(SolutionConfigurationPlatforms) = preSolution
		Debug|Any CPU = Debug|Any CPU
		Release|Any CPU = Release|Any CPU
	EndGlobalSection
	GlobalSection(ProjectConfigurationPlatforms) = postSolution
		{9156F9EB-E0AB-4857-9AA9-F0A84AA4A90B}.Debug|Any CPU.ActiveCfg = Debug|Any CPU
		{9156F9EB-E0AB-4857-9AA9-F0A84AA4A90B}.Debug|Any CPU.Build.0 = Debug|Any CPU
		{9156F9EB-E0AB-4857-9AA9-F0A84AA4A90B}.Release|Any CPU.ActiveCfg = Release|Any CPU
		{9156F9EB-E0AB-4857-9AA9-F0A84AA4A90B}.Release|Any CPU.Build.0 = Release|Any CPU
	EndGlobalSection
	GlobalSection(SolutionProperties) = preSolution
		HideSolutionNode = FALSE
	EndGlobalSection
	GlobalSection(ExtensibilityGlobals) = postSolution
		SolutionGuid = {A66E2401-0BA9-40CD-A903-E606CC7B557D}
	EndGlobalSection
EndGlobal
